
Microsoft Visual Studio Solution File, Format Version 12.00
# Visual Studio Version 17
VisualStudioVersion = 17.3.32922.545
MinimumVisualStudioVersion = 10.0.40219.1
Project("{2150E333-8FDC-42A3-9474-1A3956D46DE8}") = "Presentation", "Presentation", "{4D2AC5B9-A016-42D3-95F1-4BCD4A7528C2}"
EndProject
Project("{FAE04EC0-301F-11D3-BF4B-00C04F79EFBC}") = "CarPark.User", "Presentation\CarPark.User\CarPark.User.csproj", "{DAC6CD6A-2C2A-47E4-869E-B226F310B681}"
EndProject
Project("{FAE04EC0-301F-11D3-BF4B-00C04F79EFBC}") = "CarPark.API", "Presentation\CarPark.API\CarPark.API.csproj", "{0853AEF3-4727-4B41-B60E-3B5B43B02186}"
EndProject
Project("{2150E333-8FDC-42A3-9474-1A3956D46DE8}") = "Libraries", "Libraries", "{3BA338D3-B486-4452-920F-DEE52C4A114D}"
EndProject
Project("{FAE04EC0-301F-11D3-BF4B-00C04F79EFBC}") = "CarPark.Business", "Libraries\CarPark.Business\CarPark.Business.csproj", "{0483E056-B493-4A8D-A2ED-F84B3B7FEC85}"
EndProject
Project("{FAE04EC0-301F-11D3-BF4B-00C04F79EFBC}") = "CarPark.DataAccess", "Libraries\CarPark.DataAccess\CarPark.DataAccess.csproj", "{AAAD5F32-97B2-4E25-9375-E667D652A10A}"
EndProject
Project("{FAE04EC0-301F-11D3-BF4B-00C04F79EFBC}") = "CarPark.Core", "Libraries\CarPark.Core\CarPark.Core.csproj", "{0A6FA6F4-D61B-4273-B467-BDCEFC5D64BF}"
EndProject
Project("{FAE04EC0-301F-11D3-BF4B-00C04F79EFBC}") = "CarPark.Helper", "Libraries\CarPark.Helper\CarPark.Helper.csproj", "{E9B03C3B-0BCB-49D2-9E16-691EA1257AB2}"
EndProject
Project("{FAE04EC0-301F-11D3-BF4B-00C04F79EFBC}") = "CarPark.Entities", "Libraries\CarPark.Entities\CarPark.Entities.csproj", "{6D0BBB2D-3AAF-4B4D-83B9-B80C3D0C71A7}"
EndProject
Project("{FAE04EC0-301F-11D3-BF4B-00C04F79EFBC}") = "CarPark.Models", "Libraries\CarPark.Models\CarPark.Models.csproj", "{3356C1E6-2A6E-437B-8111-B8B39CAC8520}"
EndProject
Project("{2150E333-8FDC-42A3-9474-1A3956D46DE8}") = "Tests", "Tests", "{182E9962-91D9-47E5-9348-D19052AD0EF5}"
EndProject
Project("{FAE04EC0-301F-11D3-BF4B-00C04F79EFBC}") = "CarPark.Test", "Tests\CarPark.Test\CarPark.Test.csproj", "{DAC25F86-4192-4108-BAC6-C5A6FEE30F8F}"
EndProject
Global
	GlobalSection(SolutionConfigurationPlatforms) = preSolution
		Debug|Any CPU = Debug|Any CPU
		Release|Any CPU = Release|Any CPU
	EndGlobalSection
	GlobalSection(ProjectConfigurationPlatforms) = postSolution
		{DAC6CD6A-2C2A-47E4-869E-B226F310B681}.Debug|Any CPU.ActiveCfg = Debug|Any CPU
		{DAC6CD6A-2C2A-47E4-869E-B226F310B681}.Debug|Any CPU.Build.0 = Debug|Any CPU
		{DAC6CD6A-2C2A-47E4-869E-B226F310B681}.Release|Any CPU.ActiveCfg = Release|Any CPU
		{DAC6CD6A-2C2A-47E4-869E-B226F310B681}.Release|Any CPU.Build.0 = Release|Any CPU
		{0853AEF3-4727-4B41-B60E-3B5B43B02186}.Debug|Any CPU.ActiveCfg = Debug|Any CPU
		{0853AEF3-4727-4B41-B60E-3B5B43B02186}.Debug|Any CPU.Build.0 = Debug|Any CPU
		{0853AEF3-4727-4B41-B60E-3B5B43B02186}.Release|Any CPU.ActiveCfg = Release|Any CPU
		{0853AEF3-4727-4B41-B60E-3B5B43B02186}.Release|Any CPU.Build.0 = Release|Any CPU
		{0483E056-B493-4A8D-A2ED-F84B3B7FEC85}.Debug|Any CPU.ActiveCfg = Debug|Any CPU
		{0483E056-B493-4A8D-A2ED-F84B3B7FEC85}.Debug|Any CPU.Build.0 = Debug|Any CPU
		{0483E056-B493-4A8D-A2ED-F84B3B7FEC85}.Release|Any CPU.ActiveCfg = Release|Any CPU
		{0483E056-B493-4A8D-A2ED-F84B3B7FEC85}.Release|Any CPU.Build.0 = Release|Any CPU
		{AAAD5F32-97B2-4E25-9375-E667D652A10A}.Debug|Any CPU.ActiveCfg = Debug|Any CPU
		{AAAD5F32-97B2-4E25-9375-E667D652A10A}.Debug|Any CPU.Build.0 = Debug|Any CPU
		{AAAD5F32-97B2-4E25-9375-E667D652A10A}.Release|Any CPU.ActiveCfg = Release|Any CPU
		{AAAD5F32-97B2-4E25-9375-E667D652A10A}.Release|Any CPU.Build.0 = Release|Any CPU
		{0A6FA6F4-D61B-4273-B467-BDCEFC5D64BF}.Debug|Any CPU.ActiveCfg = Debug|Any CPU
		{0A6FA6F4-D61B-4273-B467-BDCEFC5D64BF}.Debug|Any CPU.Build.0 = Debug|Any CPU
		{0A6FA6F4-D61B-4273-B467-BDCEFC5D64BF}.Release|Any CPU.ActiveCfg = Release|Any CPU
		{0A6FA6F4-D61B-4273-B467-BDCEFC5D64BF}.Release|Any CPU.Build.0 = Release|Any CPU
		{E9B03C3B-0BCB-49D2-9E16-691EA1257AB2}.Debug|Any CPU.ActiveCfg = Debug|Any CPU
		{E9B03C3B-0BCB-49D2-9E16-691EA1257AB2}.Debug|Any CPU.Build.0 = Debug|Any CPU
		{E9B03C3B-0BCB-49D2-9E16-691EA1257AB2}.Release|Any CPU.ActiveCfg = Release|Any CPU
		{E9B03C3B-0BCB-49D2-9E16-691EA1257AB2}.Release|Any CPU.Build.0 = Release|Any CPU
		{6D0BBB2D-3AAF-4B4D-83B9-B80C3D0C71A7}.Debug|Any CPU.ActiveCfg = Debug|Any CPU
		{6D0BBB2D-3AAF-4B4D-83B9-B80C3D0C71A7}.Debug|Any CPU.Build.0 = Debug|Any CPU
		{6D0BBB2D-3AAF-4B4D-83B9-B80C3D0C71A7}.Release|Any CPU.ActiveCfg = Release|Any CPU
		{6D0BBB2D-3AAF-4B4D-83B9-B80C3D0C71A7}.Release|Any CPU.Build.0 = Release|Any CPU
		{3356C1E6-2A6E-437B-8111-B8B39CAC8520}.Debug|Any CPU.ActiveCfg = Debug|Any CPU
		{3356C1E6-2A6E-437B-8111-B8B39CAC8520}.Debug|Any CPU.Build.0 = Debug|Any CPU
		{3356C1E6-2A6E-437B-8111-B8B39CAC8520}.Release|Any CPU.ActiveCfg = Release|Any CPU
		{3356C1E6-2A6E-437B-8111-B8B39CAC8520}.Release|Any CPU.Build.0 = Release|Any CPU
		{DAC25F86-4192-4108-BAC6-C5A6FEE30F8F}.Debug|Any CPU.ActiveCfg = Debug|Any CPU
		{DAC25F86-4192-4108-BAC6-C5A6FEE30F8F}.Debug|Any CPU.Build.0 = Debug|Any CPU
		{DAC25F86-4192-4108-BAC6-C5A6FEE30F8F}.Release|Any CPU.ActiveCfg = Release|Any CPU
		{DAC25F86-4192-4108-BAC6-C5A6FEE30F8F}.Release|Any CPU.Build.0 = Release|Any CPU
	EndGlobalSection
	GlobalSection(SolutionProperties) = preSolution
		HideSolutionNode = FALSE
	EndGlobalSection
	GlobalSection(NestedProjects) = preSolution
		{DAC6CD6A-2C2A-47E4-869E-B226F310B681} = {4D2AC5B9-A016-42D3-95F1-4BCD4A7528C2}
		{0853AEF3-4727-4B41-B60E-3B5B43B02186} = {4D2AC5B9-A016-42D3-95F1-4BCD4A7528C2}
		{0483E056-B493-4A8D-A2ED-F84B3B7FEC85} = {3BA338D3-B486-4452-920F-DEE52C4A114D}
		{AAAD5F32-97B2-4E25-9375-E667D652A10A} = {3BA338D3-B486-4452-920F-DEE52C4A114D}
		{0A6FA6F4-D61B-4273-B467-BDCEFC5D64BF} = {3BA338D3-B486-4452-920F-DEE52C4A114D}
		{E9B03C3B-0BCB-49D2-9E16-691EA1257AB2} = {3BA338D3-B486-4452-920F-DEE52C4A114D}
		{6D0BBB2D-3AAF-4B4D-83B9-B80C3D0C71A7} = {3BA338D3-B486-4452-920F-DEE52C4A114D}
		{3356C1E6-2A6E-437B-8111-B8B39CAC8520} = {3BA338D3-B486-4452-920F-DEE52C4A114D}
		{DAC25F86-4192-4108-BAC6-C5A6FEE30F8F} = {182E9962-91D9-47E5-9348-D19052AD0EF5}
	EndGlobalSection
	GlobalSection(ExtensibilityGlobals) = postSolution
		SolutionGuid = {EC3EEFDE-E729-4174-A7D0-18C94E8F9C83}
	EndGlobalSection
EndGlobal
